
Microsoft Visual Studio Solution File, Format Version 12.00
# Visual Studio Version 17
VisualStudioVersion = 17.0.31919.166
MinimumVisualStudioVersion = 10.0.40219.1
Project("{FAE04EC0-301F-11D3-BF4B-00C04F79EFBC}") = "MVC_Ficha10", "MVC_Ficha10\MVC_Ficha10.csproj", "{F849D1D8-B102-459E-8F84-23DFFE389847}"
EndProject
Global
	GlobalSection(SolutionConfigurationPlatforms) = preSolution
		Debug|Any CPU = Debug|Any CPU
		Release|Any CPU = Release|Any CPU
	EndGlobalSection
	GlobalSection(ProjectConfigurationPlatforms) = postSolution
		{F849D1D8-B102-459E-8F84-23DFFE389847}.Debug|Any CPU.ActiveCfg = Debug|Any CPU
		{F849D1D8-B102-459E-8F84-23DFFE389847}.Debug|Any CPU.Build.0 = Debug|Any CPU
		{F849D1D8-B102-459E-8F84-23DFFE389847}.Release|Any CPU.ActiveCfg = Release|Any CPU
		{F849D1D8-B102-459E-8F84-23DFFE389847}.Release|Any CPU.Build.0 = Release|Any CPU
	EndGlobalSection
	GlobalSection(SolutionProperties) = preSolution
		HideSolutionNode = FALSE
	EndGlobalSection
	GlobalSection(ExtensibilityGlobals) = postSolution
		SolutionGuid = {DA604932-7FB1-4968-91C6-3C3BFB87F833}
	EndGlobalSection
EndGlobal
